
Microsoft Visual Studio Solution File, Format Version 11.00
# Visual Studio 2010
Project("{FAE04EC0-301F-11D3-BF4B-00C04F79EFBC}") = "DataServer", "DataServer\DataServer.csproj", "{E8B139D5-A557-4A79-AEFE-044D8D581226}"
EndProject
Project("{FAE04EC0-301F-11D3-BF4B-00C04F79EFBC}") = "MetaDataServer", "MetaDataServer\MetaDataServer.csproj", "{B65DD965-8A96-4E50-86BF-2EFD31ADD911}"
EndProject
Project("{FAE04EC0-301F-11D3-BF4B-00C04F79EFBC}") = "PuppetForm", "PuppetForm\PuppetForm.csproj", "{EDE84668-ED9E-4E9B-8C17-6A15977E4C2F}"
EndProject
Project("{FAE04EC0-301F-11D3-BF4B-00C04F79EFBC}") = "Client", "Client\Client.csproj", "{052CABDB-1C55-4831-9910-796C73D86258}"
EndProject
Project("{FAE04EC0-301F-11D3-BF4B-00C04F79EFBC}") = "CommonTypes", "CommonTypes\CommonTypes.csproj", "{F862F8F1-8C54-4137-BF10-ABB4EA97FF7F}"
EndProject
Global
	GlobalSection(SolutionConfigurationPlatforms) = preSolution
		Debug|Any CPU = Debug|Any CPU
		Debug|Mixed Platforms = Debug|Mixed Platforms
		Debug|x86 = Debug|x86
		Release|Any CPU = Release|Any CPU
		Release|Mixed Platforms = Release|Mixed Platforms
		Release|x86 = Release|x86
	EndGlobalSection
	GlobalSection(ProjectConfigurationPlatforms) = postSolution
		{E8B139D5-A557-4A79-AEFE-044D8D581226}.Debug|Any CPU.ActiveCfg = Debug|x86
		{E8B139D5-A557-4A79-AEFE-044D8D581226}.Debug|Mixed Platforms.ActiveCfg = Debug|x86
		{E8B139D5-A557-4A79-AEFE-044D8D581226}.Debug|Mixed Platforms.Build.0 = Debug|x86
		{E8B139D5-A557-4A79-AEFE-044D8D581226}.Debug|x86.ActiveCfg = Debug|x86
		{E8B139D5-A557-4A79-AEFE-044D8D581226}.Debug|x86.Build.0 = Debug|x86
		{E8B139D5-A557-4A79-AEFE-044D8D581226}.Release|Any CPU.ActiveCfg = Release|x86
		{E8B139D5-A557-4A79-AEFE-044D8D581226}.Release|Mixed Platforms.ActiveCfg = Release|x86
		{E8B139D5-A557-4A79-AEFE-044D8D581226}.Release|Mixed Platforms.Build.0 = Release|x86
		{E8B139D5-A557-4A79-AEFE-044D8D581226}.Release|x86.ActiveCfg = Release|x86
		{E8B139D5-A557-4A79-AEFE-044D8D581226}.Release|x86.Build.0 = Release|x86
		{B65DD965-8A96-4E50-86BF-2EFD31ADD911}.Debug|Any CPU.ActiveCfg = Debug|x86
		{B65DD965-8A96-4E50-86BF-2EFD31ADD911}.Debug|Mixed Platforms.ActiveCfg = Debug|x86
		{B65DD965-8A96-4E50-86BF-2EFD31ADD911}.Debug|Mixed Platforms.Build.0 = Debug|x86
		{B65DD965-8A96-4E50-86BF-2EFD31ADD911}.Debug|x86.ActiveCfg = Debug|x86
		{B65DD965-8A96-4E50-86BF-2EFD31ADD911}.Debug|x86.Build.0 = Debug|x86
		{B65DD965-8A96-4E50-86BF-2EFD31ADD911}.Release|Any CPU.ActiveCfg = Release|x86
		{B65DD965-8A96-4E50-86BF-2EFD31ADD911}.Release|Mixed Platforms.ActiveCfg = Release|x86
		{B65DD965-8A96-4E50-86BF-2EFD31ADD911}.Release|Mixed Platforms.Build.0 = Release|x86
		{B65DD965-8A96-4E50-86BF-2EFD31ADD911}.Release|x86.ActiveCfg = Release|x86
		{B65DD965-8A96-4E50-86BF-2EFD31ADD911}.Release|x86.Build.0 = Release|x86
		{EDE84668-ED9E-4E9B-8C17-6A15977E4C2F}.Debug|Any CPU.ActiveCfg = Debug|x86
		{EDE84668-ED9E-4E9B-8C17-6A15977E4C2F}.Debug|Mixed Platforms.ActiveCfg = Debug|x86
		{EDE84668-ED9E-4E9B-8C17-6A15977E4C2F}.Debug|Mixed Platforms.Build.0 = Debug|x86
		{EDE84668-ED9E-4E9B-8C17-6A15977E4C2F}.Debug|x86.ActiveCfg = Debug|x86
		{EDE84668-ED9E-4E9B-8C17-6A15977E4C2F}.Debug|x86.Build.0 = Debug|x86
		{EDE84668-ED9E-4E9B-8C17-6A15977E4C2F}.Release|Any CPU.ActiveCfg = Release|x86
		{EDE84668-ED9E-4E9B-8C17-6A15977E4C2F}.Release|Mixed Platforms.ActiveCfg = Release|x86
		{EDE84668-ED9E-4E9B-8C17-6A15977E4C2F}.Release|Mixed Platforms.Build.0 = Release|x86
		{EDE84668-ED9E-4E9B-8C17-6A15977E4C2F}.Release|x86.ActiveCfg = Release|x86
		{EDE84668-ED9E-4E9B-8C17-6A15977E4C2F}.Release|x86.Build.0 = Release|x86
		{052CABDB-1C55-4831-9910-796C73D86258}.Debug|Any CPU.ActiveCfg = Debug|x86
		{052CABDB-1C55-4831-9910-796C73D86258}.Debug|Mixed Platforms.ActiveCfg = Debug|x86
		{052CABDB-1C55-4831-9910-796C73D86258}.Debug|Mixed Platforms.Build.0 = Debug|x86
		{052CABDB-1C55-4831-9910-796C73D86258}.Debug|x86.ActiveCfg = Debug|x86
		{052CABDB-1C55-4831-9910-796C73D86258}.Debug|x86.Build.0 = Debug|x86
		{052CABDB-1C55-4831-9910-796C73D86258}.Release|Any CPU.ActiveCfg = Release|x86
		{052CABDB-1C55-4831-9910-796C73D86258}.Release|Mixed Platforms.ActiveCfg = Release|x86
		{052CABDB-1C55-4831-9910-796C73D86258}.Release|Mixed Platforms.Build.0 = Release|x86
		{052CABDB-1C55-4831-9910-796C73D86258}.Release|x86.ActiveCfg = Release|x86
		{052CABDB-1C55-4831-9910-796C73D86258}.Release|x86.Build.0 = Release|x86
		{F862F8F1-8C54-4137-BF10-ABB4EA97FF7F}.Debug|Any CPU.ActiveCfg = Debug|Any CPU
		{F862F8F1-8C54-4137-BF10-ABB4EA97FF7F}.Debug|Any CPU.Build.0 = Debug|Any CPU
		{F862F8F1-8C54-4137-BF10-ABB4EA97FF7F}.Debug|Mixed Platforms.ActiveCfg = Debug|Any CPU
		{F862F8F1-8C54-4137-BF10-ABB4EA97FF7F}.Debug|Mixed Platforms.Build.0 = Debug|Any CPU
		{F862F8F1-8C54-4137-BF10-ABB4EA97FF7F}.Debug|x86.ActiveCfg = Debug|Any CPU
		{F862F8F1-8C54-4137-BF10-ABB4EA97FF7F}.Release|Any CPU.ActiveCfg = Release|Any CPU
		{F862F8F1-8C54-4137-BF10-ABB4EA97FF7F}.Release|Any CPU.Build.0 = Release|Any CPU
		{F862F8F1-8C54-4137-BF10-ABB4EA97FF7F}.Release|Mixed Platforms.ActiveCfg = Release|Any CPU
		{F862F8F1-8C54-4137-BF10-ABB4EA97FF7F}.Release|Mixed Platforms.Build.0 = Release|Any CPU
		{F862F8F1-8C54-4137-BF10-ABB4EA97FF7F}.Release|x86.ActiveCfg = Release|Any CPU
	EndGlobalSection
	GlobalSection(SolutionProperties) = preSolution
		HideSolutionNode = FALSE
	EndGlobalSection
EndGlobal
